// !$*UTF8*$!
{
	archiveVersion = 1;
	classes = {
	};
	objectVersion = 50;
	objects = {

/* Begin PBXBuildFile section */
		D5E0A9CA2517BE79000E1164 /* AppDelegate.swift in Sources */ = {isa = PBXBuildFile; fileRef = D5E0A9C92517BE79000E1164 /* AppDelegate.swift */; };
		D5E0A9CC2517BE79000E1164 /* SceneDelegate.swift in Sources */ = {isa = PBXBuildFile; fileRef = D5E0A9CB2517BE79000E1164 /* SceneDelegate.swift */; };
		D5E0A9CE2517BE79000E1164 /* ViewController.swift in Sources */ = {isa = PBXBuildFile; fileRef = D5E0A9CD2517BE79000E1164 /* ViewController.swift */; };
		D5E0A9D12517BE79000E1164 /* Main.storyboard in Resources */ = {isa = PBXBuildFile; fileRef = D5E0A9CF2517BE79000E1164 /* Main.storyboard */; };
		D5E0A9D32517BE7B000E1164 /* Assets.xcassets in Resources */ = {isa = PBXBuildFile; fileRef = D5E0A9D22517BE7B000E1164 /* Assets.xcassets */; };
		D5E0A9D62517BE7B000E1164 /* LaunchScreen.storyboard in Resources */ = {isa = PBXBuildFile; fileRef = D5E0A9D42517BE7B000E1164 /* LaunchScreen.storyboard */; };
		D5E0A9E12517BE7B000E1164 /* Quiz200920Tests.swift in Sources */ = {isa = PBXBuildFile; fileRef = D5E0A9E02517BE7B000E1164 /* Quiz200920Tests.swift */; };
		D5E0A9EC2517BE7B000E1164 /* Quiz200920UITests.swift in Sources */ = {isa = PBXBuildFile; fileRef = D5E0A9EB2517BE7B000E1164 /* Quiz200920UITests.swift */; };
		D5E0A9FA2517BEF8000E1164 /* QuizViewController.swift in Sources */ = {isa = PBXBuildFile; fileRef = D5E0A9F92517BEF8000E1164 /* QuizViewController.swift */; };
		D5E0A9FC2517BF0C000E1164 /* ResultViewController.swift in Sources */ = {isa = PBXBuildFile; fileRef = D5E0A9FB2517BF0C000E1164 /* ResultViewController.swift */; };
/* End PBXBuildFile section */

/* Begin PBXContainerItemProxy section */
		D5E0A9DD2517BE7B000E1164 /* PBXContainerItemProxy */ = {
			isa = PBXContainerItemProxy;
			containerPortal = D5E0A9BE2517BE79000E1164 /* Project object */;
			proxyType = 1;
			remoteGlobalIDString = D5E0A9C52517BE79000E1164;
			remoteInfo = Quiz200920;
		};
		D5E0A9E82517BE7B000E1164 /* PBXContainerItemProxy */ = {
			isa = PBXContainerItemProxy;
			containerPortal = D5E0A9BE2517BE79000E1164 /* Project object */;
			proxyType = 1;
			remoteGlobalIDString = D5E0A9C52517BE79000E1164;
			remoteInfo = Quiz200920;
		};
/* End PBXContainerItemProxy section */

/* Begin PBXFileReference section */
		D5E0A9C62517BE79000E1164 /* Quiz200920.app */ = {isa = PBXFileReference; explicitFileType = wrapper.application; includeInIndex = 0; path = Quiz200920.app; sourceTree = BUILT_PRODUCTS_DIR; };
		D5E0A9C92517BE79000E1164 /* AppDelegate.swift */ = {isa = PBXFileReference; lastKnownFileType = sourcecode.swift; path = AppDelegate.swift; sourceTree = "<group>"; };
		D5E0A9CB2517BE79000E1164 /* SceneDelegate.swift */ = {isa = PBXFileReference; lastKnownFileType = sourcecode.swift; path = SceneDelegate.swift; sourceTree = "<group>"; };
		D5E0A9CD2517BE79000E1164 /* ViewController.swift */ = {isa = PBXFileReference; lastKnownFileType = sourcecode.swift; path = ViewController.swift; sourceTree = "<group>"; };
		D5E0A9D02517BE79000E1164 /* Base */ = {isa = PBXFileReference; lastKnownFileType = file.storyboard; name = Base; path = Base.lproj/Main.storyboard; sourceTree = "<group>"; };
		D5E0A9D22517BE7B000E1164 /* Assets.xcassets */ = {isa = PBXFileReference; lastKnownFileType = folder.assetcatalog; path = Assets.xcassets; sourceTree = "<group>"; };
		D5E0A9D52517BE7B000E1164 /* Base */ = {isa = PBXFileReference; lastKnownFileType = file.storyboard; name = Base; path = Base.lproj/LaunchScreen.storyboard; sourceTree = "<group>"; };
		D5E0A9D72517BE7B000E1164 /* Info.plist */ = {isa = PBXFileReference; lastKnownFileType = text.plist.xml; path = Info.plist; sourceTree = "<group>"; };
		D5E0A9DC2517BE7B000E1164 /* Quiz200920Tests.xctest */ = {isa = PBXFileReference; explicitFileType = wrapper.cfbundle; includeInIndex = 0; path = Quiz200920Tests.xctest; sourceTree = BUILT_PRODUCTS_DIR; };
		D5E0A9E02517BE7B000E1164 /* Quiz200920Tests.swift */ = {isa = PBXFileReference; lastKnownFileType = sourcecode.swift; path = Quiz200920Tests.swift; sourceTree = "<group>"; };
		D5E0A9E22517BE7B000E1164 /* Info.plist */ = {isa = PBXFileReference; lastKnownFileType = text.plist.xml; path = Info.plist; sourceTree = "<group>"; };
		D5E0A9E72517BE7B000E1164 /* Quiz200920UITests.xctest */ = {isa = PBXFileReference; explicitFileType = wrapper.cfbundle; includeInIndex = 0; path = Quiz200920UITests.xctest; sourceTree = BUILT_PRODUCTS_DIR; };
		D5E0A9EB2517BE7B000E1164 /* Quiz200920UITests.swift */ = {isa = PBXFileReference; lastKnownFileType = sourcecode.swift; path = Quiz200920UITests.swift; sourceTree = "<group>"; };
		D5E0A9ED2517BE7B000E1164 /* Info.plist */ = {isa = PBXFileReference; lastKnownFileType = text.plist.xml; path = Info.plist; sourceTree = "<group>"; };
		D5E0A9F92517BEF8000E1164 /* QuizViewController.swift */ = {isa = PBXFileReference; lastKnownFileType = sourcecode.swift; path = QuizViewController.swift; sourceTree = "<group>"; };
		D5E0A9FB2517BF0C000E1164 /* ResultViewController.swift */ = {isa = PBXFileReference; lastKnownFileType = sourcecode.swift; path = ResultViewController.swift; sourceTree = "<group>"; };
/* End PBXFileReference section */

/* Begin PBXFrameworksBuildPhase section */
		D5E0A9C32517BE79000E1164 /* Frameworks */ = {
			isa = PBXFrameworksBuildPhase;
			buildActionMask = 2147483647;
			files = (
			);
			runOnlyForDeploymentPostprocessing = 0;
		};
		D5E0A9D92517BE7B000E1164 /* Frameworks */ = {
			isa = PBXFrameworksBuildPhase;
			buildActionMask = 2147483647;
			files = (
			);
			runOnlyForDeploymentPostprocessing = 0;
		};
		D5E0A9E42517BE7B000E1164 /* Frameworks */ = {
			isa = PBXFrameworksBuildPhase;
			buildActionMask = 2147483647;
			files = (
			);
			runOnlyForDeploymentPostprocessing = 0;
		};
/* End PBXFrameworksBuildPhase section */

/* Begin PBXGroup section */
		D5E0A9BD2517BE79000E1164 = {
			isa = PBXGroup;
			children = (
				D5E0A9C82517BE79000E1164 /* Quiz200920 */,
				D5E0A9DF2517BE7B000E1164 /* Quiz200920Tests */,
				D5E0A9EA2517BE7B000E1164 /* Quiz200920UITests */,
				D5E0A9C72517BE79000E1164 /* Products */,
			);
			sourceTree = "<group>";
		};
		D5E0A9C72517BE79000E1164 /* Products */ = {
			isa = PBXGroup;
			children = (
				D5E0A9C62517BE79000E1164 /* Quiz200920.app */,
				D5E0A9DC2517BE7B000E1164 /* Quiz200920Tests.xctest */,
				D5E0A9E72517BE7B000E1164 /* Quiz200920UITests.xctest */,
			);
			name = Products;
			sourceTree = "<group>";
		};
		D5E0A9C82517BE79000E1164 /* Quiz200920 */ = {
			isa = PBXGroup;
			children = (
				D5E0A9C92517BE79000E1164 /* AppDelegate.swift */,
				D5E0A9CB2517BE79000E1164 /* SceneDelegate.swift */,
				D5E0A9CD2517BE79000E1164 /* ViewController.swift */,
				D5E0A9CF2517BE79000E1164 /* Main.storyboard */,
				D5E0A9D22517BE7B000E1164 /* Assets.xcassets */,
				D5E0A9D42517BE7B000E1164 /* LaunchScreen.storyboard */,
				D5E0A9D72517BE7B000E1164 /* Info.plist */,
				D5E0A9F92517BEF8000E1164 /* QuizViewController.swift */,
				D5E0A9FB2517BF0C000E1164 /* ResultViewController.swift */,
			);
			path = Quiz200920;
			sourceTree = "<group>";
		};
		D5E0A9DF2517BE7B000E1164 /* Quiz200920Tests */ = {
			isa = PBXGroup;
			children = (
				D5E0A9E02517BE7B000E1164 /* Quiz200920Tests.swift */,
				D5E0A9E22517BE7B000E1164 /* Info.plist */,
			);
			path = Quiz200920Tests;
			sourceTree = "<group>";
		};
		D5E0A9EA2517BE7B000E1164 /* Quiz200920UITests */ = {
			isa = PBXGroup;
			children = (
				D5E0A9EB2517BE7B000E1164 /* Quiz200920UITests.swift */,
				D5E0A9ED2517BE7B000E1164 /* Info.plist */,
			);
			path = Quiz200920UITests;
			sourceTree = "<group>";
		};
/* End PBXGroup section */

/* Begin PBXNativeTarget section */
		D5E0A9C52517BE79000E1164 /* Quiz200920 */ = {
			isa = PBXNativeTarget;
			buildConfigurationList = D5E0A9F02517BE7B000E1164 /* Build configuration list for PBXNativeTarget "Quiz200920" */;
			buildPhases = (
				D5E0A9C22517BE79000E1164 /* Sources */,
				D5E0A9C32517BE79000E1164 /* Frameworks */,
				D5E0A9C42517BE79000E1164 /* Resources */,
			);
			buildRules = (
			);
			dependencies = (
			);
			name = Quiz200920;
			productName = Quiz200920;
			productReference = D5E0A9C62517BE79000E1164 /* Quiz200920.app */;
			productType = "com.apple.product-type.application";
		};
		D5E0A9DB2517BE7B000E1164 /* Quiz200920Tests */ = {
			isa = PBXNativeTarget;
			buildConfigurationList = D5E0A9F32517BE7B000E1164 /* Build configuration list for PBXNativeTarget "Quiz200920Tests" */;
			buildPhases = (
				D5E0A9D82517BE7B000E1164 /* Sources */,
				D5E0A9D92517BE7B000E1164 /* Frameworks */,
				D5E0A9DA2517BE7B000E1164 /* Resources */,
			);
			buildRules = (
			);
			dependencies = (
				D5E0A9DE2517BE7B000E1164 /* PBXTargetDependency */,
			);
			name = Quiz200920Tests;
			productName = Quiz200920Tests;
			productReference = D5E0A9DC2517BE7B000E1164 /* Quiz200920Tests.xctest */;
			productType = "com.apple.product-type.bundle.unit-test";
		};
		D5E0A9E62517BE7B000E1164 /* Quiz200920UITests */ = {
			isa = PBXNativeTarget;
			buildConfigurationList = D5E0A9F62517BE7B000E1164 /* Build configuration list for PBXNativeTarget "Quiz200920UITests" */;
			buildPhases = (
				D5E0A9E32517BE7B000E1164 /* Sources */,
				D5E0A9E42517BE7B000E1164 /* Frameworks */,
				D5E0A9E52517BE7B000E1164 /* Resources */,
			);
			buildRules = (
			);
			dependencies = (
				D5E0A9E92517BE7B000E1164 /* PBXTargetDependency */,
			);
			name = Quiz200920UITests;
			productName = Quiz200920UITests;
			productReference = D5E0A9E72517BE7B000E1164 /* Quiz200920UITests.xctest */;
			productType = "com.apple.product-type.bundle.ui-testing";
		};
/* End PBXNativeTarget section */

/* Begin PBXProject section */
		D5E0A9BE2517BE79000E1164 /* Project object */ = {
			isa = PBXProject;
			attributes = {
				LastSwiftUpdateCheck = 1160;
				LastUpgradeCheck = 1160;
				ORGANIZATIONNAME = "Shinya ";
				TargetAttributes = {
					D5E0A9C52517BE79000E1164 = {
						CreatedOnToolsVersion = 11.6;
					};
					D5E0A9DB2517BE7B000E1164 = {
						CreatedOnToolsVersion = 11.6;
						TestTargetID = D5E0A9C52517BE79000E1164;
					};
					D5E0A9E62517BE7B000E1164 = {
						CreatedOnToolsVersion = 11.6;
						TestTargetID = D5E0A9C52517BE79000E1164;
					};
				};
			};
			buildConfigurationList = D5E0A9C12517BE79000E1164 /* Build configuration list for PBXProject "Quiz200920" */;
			compatibilityVersion = "Xcode 9.3";
			developmentRegion = en;
			hasScannedForEncodings = 0;
			knownRegions = (
				en,
				Base,
			);
			mainGroup = D5E0A9BD2517BE79000E1164;
			productRefGroup = D5E0A9C72517BE79000E1164 /* Products */;
			projectDirPath = "";
			projectRoot = "";
			targets = (
				D5E0A9C52517BE79000E1164 /* Quiz200920 */,
				D5E0A9DB2517BE7B000E1164 /* Quiz200920Tests */,
				D5E0A9E62517BE7B000E1164 /* Quiz200920UITests */,
			);
		};
/* End PBXProject section */

/* Begin PBXResourcesBuildPhase section */
		D5E0A9C42517BE79000E1164 /* Resources */ = {
			isa = PBXResourcesBuildPhase;
			buildActionMask = 2147483647;
			files = (
				D5E0A9D62517BE7B000E1164 /* LaunchScreen.storyboard in Resources */,
				D5E0A9D32517BE7B000E1164 /* Assets.xcassets in Resources */,
				D5E0A9D12517BE79000E1164 /* Main.storyboard in Resources */,
			);
			runOnlyForDeploymentPostprocessing = 0;
		};
		D5E0A9DA2517BE7B000E1164 /* Resources */ = {
			isa = PBXResourcesBuildPhase;
			buildActionMask = 2147483647;
			files = (
			);
			runOnlyForDeploymentPostprocessing = 0;
		};
		D5E0A9E52517BE7B000E1164 /* Resources */ = {
			isa = PBXResourcesBuildPhase;
			buildActionMask = 2147483647;
			files = (
			);
			runOnlyForDeploymentPostprocessing = 0;
		};
/* End PBXResourcesBuildPhase section */

/* Begin PBXSourcesBuildPhase section */
		D5E0A9C22517BE79000E1164 /* Sources */ = {
			isa = PBXSourcesBuildPhase;
			buildActionMask = 2147483647;
			files = (
				D5E0A9FC2517BF0C000E1164 /* ResultViewController.swift in Sources */,
				D5E0A9CE2517BE79000E1164 /* ViewController.swift in Sources */,
				D5E0A9CA2517BE79000E1164 /* AppDelegate.swift in Sources */,
				D5E0A9CC2517BE79000E1164 /* SceneDelegate.swift in Sources */,
				D5E0A9FA2517BEF8000E1164 /* QuizViewController.swift in Sources */,
			);
			runOnlyForDeploymentPostprocessing = 0;
		};
		D5E0A9D82517BE7B000E1164 /* Sources */ = {
			isa = PBXSourcesBuildPhase;
			buildActionMask = 2147483647;
			files = (
				D5E0A9E12517BE7B000E1164 /* Quiz200920Tests.swift in Sources */,
			);
			runOnlyForDeploymentPostprocessing = 0;
		};
		D5E0A9E32517BE7B000E1164 /* Sources */ = {
			isa = PBXSourcesBuildPhase;
			buildActionMask = 2147483647;
			files = (
				D5E0A9EC2517BE7B000E1164 /* Quiz200920UITests.swift in Sources */,
			);
			runOnlyForDeploymentPostprocessing = 0;
		};
/* End PBXSourcesBuildPhase section */

/* Begin PBXTargetDependency section */
		D5E0A9DE2517BE7B000E1164 /* PBXTargetDependency */ = {
			isa = PBXTargetDependency;
			target = D5E0A9C52517BE79000E1164 /* Quiz200920 */;
			targetProxy = D5E0A9DD2517BE7B000E1164 /* PBXContainerItemProxy */;
		};
		D5E0A9E92517BE7B000E1164 /* PBXTargetDependency */ = {
			isa = PBXTargetDependency;
			target = D5E0A9C52517BE79000E1164 /* Quiz200920 */;
			targetProxy = D5E0A9E82517BE7B000E1164 /* PBXContainerItemProxy */;
		};
/* End PBXTargetDependency section */

/* Begin PBXVariantGroup section */
		D5E0A9CF2517BE79000E1164 /* Main.storyboard */ = {
			isa = PBXVariantGroup;
			children = (
				D5E0A9D02517BE79000E1164 /* Base */,
			);
			name = Main.storyboard;
			sourceTree = "<group>";
		};
		D5E0A9D42517BE7B000E1164 /* LaunchScreen.storyboard */ = {
			isa = PBXVariantGroup;
			children = (
				D5E0A9D52517BE7B000E1164 /* Base */,
			);
			name = LaunchScreen.storyboard;
			sourceTree = "<group>";
		};
/* End PBXVariantGroup section */

/* Begin XCBuildConfiguration section */
		D5E0A9EE2517BE7B000E1164 /* Debug */ = {
			isa = XCBuildConfiguration;
			buildSettings = {
				ALWAYS_SEARCH_USER_PATHS = NO;
				CLANG_ANALYZER_NONNULL = YES;
				CLANG_ANALYZER_NUMBER_OBJECT_CONVERSION = YES_AGGRESSIVE;
				CLANG_CXX_LANGUAGE_STANDARD = "gnu++14";
				CLANG_CXX_LIBRARY = "libc++";
				CLANG_ENABLE_MODULES = YES;
				CLANG_ENABLE_OBJC_ARC = YES;
				CLANG_ENABLE_OBJC_WEAK = YES;
				CLANG_WARN_BLOCK_CAPTURE_AUTORELEASING = YES;
				CLANG_WARN_BOOL_CONVERSION = YES;
				CLANG_WARN_COMMA = YES;
				CLANG_WARN_CONSTANT_CONVERSION = YES;
				CLANG_WARN_DEPRECATED_OBJC_IMPLEMENTATIONS = YES;
				CLANG_WARN_DIRECT_OBJC_ISA_USAGE = YES_ERROR;
				CLANG_WARN_DOCUMENTATION_COMMENTS = YES;
				CLANG_WARN_EMPTY_BODY = YES;
				CLANG_WARN_ENUM_CONVERSION = YES;
				CLANG_WARN_INFINITE_RECURSION = YES;
				CLANG_WARN_INT_CONVERSION = YES;
				CLANG_WARN_NON_LITERAL_NULL_CONVERSION = YES;
				CLANG_WARN_OBJC_IMPLICIT_RETAIN_SELF = YES;
				CLANG_WARN_OBJC_LITERAL_CONVERSION = YES;
				CLANG_WARN_OBJC_ROOT_CLASS = YES_ERROR;
				CLANG_WARN_RANGE_LOOP_ANALYSIS = YES;
				CLANG_WARN_STRICT_PROTOTYPES = YES;
				CLANG_WARN_SUSPICIOUS_MOVE = YES;
				CLANG_WARN_UNGUARDED_AVAILABILITY = YES_AGGRESSIVE;
				CLANG_WARN_UNREACHABLE_CODE = YES;
				CLANG_WARN__DUPLICATE_METHOD_MATCH = YES;
				COPY_PHASE_STRIP = NO;
				DEBUG_INFORMATION_FORMAT = dwarf;
				ENABLE_STRICT_OBJC_MSGSEND = YES;
				ENABLE_TESTABILITY = YES;
				GCC_C_LANGUAGE_STANDARD = gnu11;
				GCC_DYNAMIC_NO_PIC = NO;
				GCC_NO_COMMON_BLOCKS = YES;
				GCC_OPTIMIZATION_LEVEL = 0;
				GCC_PREPROCESSOR_DEFINITIONS = (
					"DEBUG=1",
					"$(inherited)",
				);
				GCC_WARN_64_TO_32_BIT_CONVERSION = YES;
				GCC_WARN_ABOUT_RETURN_TYPE = YES_ERROR;
				GCC_WARN_UNDECLARED_SELECTOR = YES;
				GCC_WARN_UNINITIALIZED_AUTOS = YES_AGGRESSIVE;
				GCC_WARN_UNUSED_FUNCTION = YES;
				GCC_WARN_UNUSED_VARIABLE = YES;
				IPHONEOS_DEPLOYMENT_TARGET = 13.6;
				MTL_ENABLE_DEBUG_INFO = INCLUDE_SOURCE;
				MTL_FAST_MATH = YES;
				ONLY_ACTIVE_ARCH = YES;
				SDKROOT = iphoneos;
				SWIFT_ACTIVE_COMPILATION_CONDITIONS = DEBUG;
				SWIFT_OPTIMIZATION_LEVEL = "-Onone";
			};
			name = Debug;
		};
		D5E0A9EF2517BE7B000E1164 /* Release */ = {
			isa = XCBuildConfiguration;
			buildSettings = {
				ALWAYS_SEARCH_USER_PATHS = NO;
				CLANG_ANALYZER_NONNULL = YES;
				CLANG_ANALYZER_NUMBER_OBJECT_CONVERSION = YES_AGGRESSIVE;
				CLANG_CXX_LANGUAGE_STANDARD = "gnu++14";
				CLANG_CXX_LIBRARY = "libc++";
				CLANG_ENABLE_MODULES = YES;
				CLANG_ENABLE_OBJC_ARC = YES;
				CLANG_ENABLE_OBJC_WEAK = YES;
				CLANG_WARN_BLOCK_CAPTURE_AUTORELEASING = YES;
				CLANG_WARN_BOOL_CONVERSION = YES;
				CLANG_WARN_COMMA = YES;
				CLANG_WARN_CONSTANT_CONVERSION = YES;
				CLANG_WARN_DEPRECATED_OBJC_IMPLEMENTATIONS = YES;
				CLANG_WARN_DIRECT_OBJC_ISA_USAGE = YES_ERROR;
				CLANG_WARN_DOCUMENTATION_COMMENTS = YES;
				CLANG_WARN_EMPTY_BODY = YES;
				CLANG_WARN_ENUM_CONVERSION = YES;
				CLANG_WARN_INFINITE_RECURSION = YES;
				CLANG_WARN_INT_CONVERSION = YES;
				CLANG_WARN_NON_LITERAL_NULL_CONVERSION = YES;
				CLANG_WARN_OBJC_IMPLICIT_RETAIN_SELF = YES;
				CLANG_WARN_OBJC_LITERAL_CONVERSION = YES;
				CLANG_WARN_OBJC_ROOT_CLASS = YES_ERROR;
				CLANG_WARN_RANGE_LOOP_ANALYSIS = YES;
				CLANG_WARN_STRICT_PROTOTYPES = YES;
				CLANG_WARN_SUSPICIOUS_MOVE = YES;
				CLANG_WARN_UNGUARDED_AVAILABILITY = YES_AGGRESSIVE;
				CLANG_WARN_UNREACHABLE_CODE = YES;
				CLANG_WARN__DUPLICATE_METHOD_MATCH = YES;
				COPY_PHASE_STRIP = NO;
				DEBUG_INFORMATION_FORMAT = "dwarf-with-dsym";
				ENABLE_NS_ASSERTIONS = NO;
				ENABLE_STRICT_OBJC_MSGSEND = YES;
				GCC_C_LANGUAGE_STANDARD = gnu11;
				GCC_NO_COMMON_BLOCKS = YES;
				GCC_WARN_64_TO_32_BIT_CONVERSION = YES;
				GCC_WARN_ABOUT_RETURN_TYPE = YES_ERROR;
				GCC_WARN_UNDECLARED_SELECTOR = YES;
				GCC_WARN_UNINITIALIZED_AUTOS = YES_AGGRESSIVE;
				GCC_WARN_UNUSED_FUNCTION = YES;
				GCC_WARN_UNUSED_VARIABLE = YES;
				IPHONEOS_DEPLOYMENT_TARGET = 13.6;
				MTL_ENABLE_DEBUG_INFO = NO;
				MTL_FAST_MATH = YES;
				SDKROOT = iphoneos;
				SWIFT_COMPILATION_MODE = wholemodule;
				SWIFT_OPTIMIZATION_LEVEL = "-O";
				VALIDATE_PRODUCT = YES;
			};
			name = Release;
		};
		D5E0A9F12517BE7B000E1164 /* Debug */ = {
			isa = XCBuildConfiguration;
			buildSettings = {
				ASSETCATALOG_COMPILER_APPICON_NAME = AppIcon;
				CODE_SIGN_STYLE = Automatic;
				INFOPLIST_FILE = Quiz200920/Info.plist;
				LD_RUNPATH_SEARCH_PATHS = (
					"$(inherited)",
					"@executable_path/Frameworks",
				);
				PRODUCT_BUNDLE_IDENTIFIER = "Shinya-Inomata.Quiz200920";
				PRODUCT_NAME = "$(TARGET_NAME)";
				SWIFT_VERSION = 5.0;
				TARGETED_DEVICE_FAMILY = "1,2";
			};
			name = Debug;
		};
		D5E0A9F22517BE7B000E1164 /* Release */ = {
			isa = XCBuildConfiguration;
			buildSettings = {
				ASSETCATALOG_COMPILER_APPICON_NAME = AppIcon;
				CODE_SIGN_STYLE = Automatic;
				INFOPLIST_FILE = Quiz200920/Info.plist;
				LD_RUNPATH_SEARCH_PATHS = (
					"$(inherited)",
					"@executable_path/Frameworks",
				);
				PRODUCT_BUNDLE_IDENTIFIER = "Shinya-Inomata.Quiz200920";
				PRODUCT_NAME = "$(TARGET_NAME)";
				SWIFT_VERSION = 5.0;
				TARGETED_DEVICE_FAMILY = "1,2";
			};
			name = Release;
		};
		D5E0A9F42517BE7B000E1164 /* Debug */ = {
			isa = XCBuildConfiguration;
			buildSettings = {
				ALWAYS_EMBED_SWIFT_STANDARD_LIBRARIES = YES;
				BUNDLE_LOADER = "$(TEST_HOST)";
				CODE_SIGN_STYLE = Automatic;
				INFOPLIST_FILE = Quiz200920Tests/Info.plist;
				IPHONEOS_DEPLOYMENT_TARGET = 13.6;
				LD_RUNPATH_SEARCH_PATHS = (
					"$(inherited)",
					"@executable_path/Frameworks",
					"@loader_path/Frameworks",
				);
				PRODUCT_BUNDLE_IDENTIFIER = "Shinya-Inomata.Quiz200920Tests";
				PRODUCT_NAME = "$(TARGET_NAME)";
				SWIFT_VERSION = 5.0;
				TARGETED_DEVICE_FAMILY = "1,2";
				TEST_HOST = "$(BUILT_PRODUCTS_DIR)/Quiz200920.app/Quiz200920";
			};
			name = Debug;
		};
		D5E0A9F52517BE7B000E1164 /* Release */ = {
			isa = XCBuildConfiguration;
			buildSettings = {
				ALWAYS_EMBED_SWIFT_STANDARD_LIBRARIES = YES;
				BUNDLE_LOADER = "$(TEST_HOST)";
				CODE_SIGN_STYLE = Automatic;
				INFOPLIST_FILE = Quiz200920Tests/Info.plist;
				IPHONEOS_DEPLOYMENT_TARGET = 13.6;
				LD_RUNPATH_SEARCH_PATHS = (
					"$(inherited)",
					"@executable_path/Frameworks",
					"@loader_path/Frameworks",
				);
				PRODUCT_BUNDLE_IDENTIFIER = "Shinya-Inomata.Quiz200920Tests";
				PRODUCT_NAME = "$(TARGET_NAME)";
				SWIFT_VERSION = 5.0;
				TARGETED_DEVICE_FAMILY = "1,2";
				TEST_HOST = "$(BUILT_PRODUCTS_DIR)/Quiz200920.app/Quiz200920";
			};
			name = Release;
		};
		D5E0A9F72517BE7B000E1164 /* Debug */ = {
			isa = XCBuildConfiguration;
			buildSettings = {
				ALWAYS_EMBED_SWIFT_STANDARD_LIBRARIES = YES;
				CODE_SIGN_STYLE = Automatic;
				INFOPLIST_FILE = Quiz200920UITests/Info.plist;
				LD_RUNPATH_SEARCH_PATHS = (
					"$(inherited)",
					"@executable_path/Frameworks",
					"@loader_path/Frameworks",
				);
				PRODUCT_BUNDLE_IDENTIFIER = "Shinya-Inomata.Quiz200920UITests";
				PRODUCT_NAME = "$(TARGET_NAME)";
				SWIFT_VERSION = 5.0;
				TARGETED_DEVICE_FAMILY = "1,2";
				TEST_TARGET_NAME = Quiz200920;
			};
			name = Debug;
		};
		D5E0A9F82517BE7B000E1164 /* Release */ = {
			isa = XCBuildConfiguration;
			buildSettings = {
				ALWAYS_EMBED_SWIFT_STANDARD_LIBRARIES = YES;
				CODE_SIGN_STYLE = Automatic;
				INFOPLIST_FILE = Quiz200920UITests/Info.plist;
				LD_RUNPATH_SEARCH_PATHS = (
					"$(inherited)",
					"@executable_path/Frameworks",
					"@loader_path/Frameworks",
				);
				PRODUCT_BUNDLE_IDENTIFIER = "Shinya-Inomata.Quiz200920UITests";
				PRODUCT_NAME = "$(TARGET_NAME)";
				SWIFT_VERSION = 5.0;
				TARGETED_DEVICE_FAMILY = "1,2";
				TEST_TARGET_NAME = Quiz200920;
			};
			name = Release;
		};
/* End XCBuildConfiguration section */

/* Begin XCConfigurationList section */
		D5E0A9C12517BE79000E1164 /* Build configuration list for PBXProject "Quiz200920" */ = {
			isa = XCConfigurationList;
			buildConfigurations = (
				D5E0A9EE2517BE7B000E1164 /* Debug */,
				D5E0A9EF2517BE7B000E1164 /* Release */,
			);
			defaultConfigurationIsVisible = 0;
			defaultConfigurationName = Release;
		};
		D5E0A9F02517BE7B000E1164 /* Build configuration list for PBXNativeTarget "Quiz200920" */ = {
			isa = XCConfigurationList;
			buildConfigurations = (
				D5E0A9F12517BE7B000E1164 /* Debug */,
				D5E0A9F22517BE7B000E1164 /* Release */,
			);
			defaultConfigurationIsVisible = 0;
			defaultConfigurationName = Release;
		};
		D5E0A9F32517BE7B000E1164 /* Build configuration list for PBXNativeTarget "Quiz200920Tests" */ = {
			isa = XCConfigurationList;
			buildConfigurations = (
				D5E0A9F42517BE7B000E1164 /* Debug */,
				D5E0A9F52517BE7B000E1164 /* Release */,
			);
			defaultConfigurationIsVisible = 0;
			defaultConfigurationName = Release;
		};
		D5E0A9F62517BE7B000E1164 /* Build configuration list for PBXNativeTarget "Quiz200920UITests" */ = {
			isa = XCConfigurationList;
			buildConfigurations = (
				D5E0A9F72517BE7B000E1164 /* Debug */,
				D5E0A9F82517BE7B000E1164 /* Release */,
			);
			defaultConfigurationIsVisible = 0;
			defaultConfigurationName = Release;
		};
/* End XCConfigurationList section */
	};
	rootObject = D5E0A9BE2517BE79000E1164 /* Project object */;
}
